
Microsoft Visual Studio Solution File, Format Version 12.00
# Visual Studio Version 17
VisualStudioVersion = 17.14.36429.23 d17.14
MinimumVisualStudioVersion = 10.0.40219.1
Project("{FAE04EC0-301F-11D3-BF4B-00C04F79EFBC}") = "YouTubeLiveGameBot", "YouTubeLiveGameBot\YouTubeLiveGameBot.csproj", "{2C3787EB-1025-43E1-866E-6D8293F448FA}"
EndProject
Global
	GlobalSection(SolutionConfigurationPlatforms) = preSolution
		Debug|Any CPU = Debug|Any CPU
		Release|Any CPU = Release|Any CPU
	EndGlobalSection
	GlobalSection(ProjectConfigurationPlatforms) = postSolution
		{2C3787EB-1025-43E1-866E-6D8293F448FA}.Debug|Any CPU.ActiveCfg = Debug|Any CPU
		{2C3787EB-1025-43E1-866E-6D8293F448FA}.Debug|Any CPU.Build.0 = Debug|Any CPU
		{2C3787EB-1025-43E1-866E-6D8293F448FA}.Release|Any CPU.ActiveCfg = Release|Any CPU
		{2C3787EB-1025-43E1-866E-6D8293F448FA}.Release|Any CPU.Build.0 = Release|Any CPU
	EndGlobalSection
	GlobalSection(SolutionProperties) = preSolution
		HideSolutionNode = FALSE
	EndGlobalSection
	GlobalSection(ExtensibilityGlobals) = postSolution
		SolutionGuid = {E82FB2DC-A926-4726-B131-E4EE6ACE2B5A}
	EndGlobalSection
EndGlobal
